<?xml version="1.0" encoding="utf-8"?>
<Project ToolsVersion="4.0" xmlns="http://schemas.microsoft.com/developer/msbuild/2003">
  <ItemGroup>
    <Filter Include="Components">
      <UniqueIdentifier>{6B7DD516-5735-1764-C03C-F0BFAC13B254}</UniqueIdentifier>
    </Filter>
    <Filter Include="EC">
      <UniqueIdentifier>{6D735900-59FF-870B-C2AD-880BAE58880B}</UniqueIdentifier>
    </Filter>
    <Filter Include="Math">
      <UniqueIdentifier>{AFF4887C-9B2B-8A0D-4418-7010302E060F}</UniqueIdentifier>
    </Filter>
    <Filter Include="src">
      <UniqueIdentifier>{2DAB880B-99B4-887C-2230-9F7C8E38947C}</UniqueIdentifier>
    </Filter>
  </ItemGroup>
  <ItemGroup>
    <ClInclude Include="Components\Position.h">
      <Filter>Components</Filter>
    </ClInclude>
    <ClInclude Include="EC\GameObject.h">
      <Filter>EC</Filter>
    </ClInclude>
    <ClInclude Include="EC\IComponent.h">
      <Filter>EC</Filter>
    </ClInclude>
    <ClInclude Include="Math\Vec2.h">
      <Filter>Math</Filter>
    </ClInclude>
    <ClInclude Include="src\ecsTestingPch.h">
      <Filter>src</Filter>
    </ClInclude>
    <ClInclude Include="Components\MoveRect.h" />
    <ClInclude Include="EC\Scene.h" />
    <ClInclude Include="Components\RectVisual.h" />
    <ClInclude Include="src\GlobalVariables.h" />
    <ClInclude Include="Components\UpdateRectScale.h" />
    <ClInclude Include="ECS\Systems\MoveRectSystem.h" />
    <ClInclude Include="ECS\Systems\UpdateRectScaleSystem.h" />
    <ClInclude Include="src\Defines.h" />
    <ClInclude Include="ECS\Systems\RectVisualSystem.h" />
    <ClInclude Include="Components\Scale.h" />
    <ClInclude Include="Components\Rotation.h" />
    <ClInclude Include="src\RunningAverage.h" />
    <ClInclude Include="Components\RectColor.h" />
    <ClInclude Include="Components\RotateRect.h" />
    <ClInclude Include="ECS\Systems\RotateRectSystem.h" />
  </ItemGroup>
  <ItemGroup>
    <ClCompile Include="EC\GamObject.cpp">
      <Filter>EC</Filter>
    </ClCompile>
    <ClCompile Include="src\ecsTestingPch.cpp">
      <Filter>src</Filter>
    </ClCompile>
    <ClCompile Include="src\main.cpp">
      <Filter>src</Filter>
    </ClCompile>
    <ClCompile Include="Components\MoveRect.cpp" />
    <ClCompile Include="Components\RectVisual.cpp" />
    <ClCompile Include="src\GlobalVariables.cpp" />
    <ClCompile Include="Components\UpdateRectScale.cpp" />
    <ClCompile Include="ECS\Systems\MoveRectSystem.cpp" />
    <ClCompile Include="ECS\Systems\UpdateRectScaleSystem.cpp" />
    <ClCompile Include="ECS\Systems\RectVisualSystem.cpp" />
    <ClCompile Include="Components\RectColor.cpp" />
    <ClCompile Include="Components\RotateRect.cpp" />
    <ClCompile Include="ECS\Systems\RotateRectSystem.cpp" />
  </ItemGroup>
</Project>